
Microsoft Visual Studio Solution File, Format Version 12.00
# Visual Studio Version 16
VisualStudioVersion = 16.0.32126.315
MinimumVisualStudioVersion = 10.0.40219.1
Project("{FAE04EC0-301F-11D3-BF4B-00C04F79EFBC}") = "WebApplicationfull crud", "WebApplicationfull crud.csproj", "{D4EE41E5-0A9F-4132-AE10-76C7523372DE}"
EndProject
Global
	GlobalSection(SolutionConfigurationPlatforms) = preSolution
		Debug|Any CPU = Debug|Any CPU
		Release|Any CPU = Release|Any CPU
	EndGlobalSection
	GlobalSection(ProjectConfigurationPlatforms) = postSolution
		{D4EE41E5-0A9F-4132-AE10-76C7523372DE}.Debug|Any CPU.ActiveCfg = Debug|Any CPU
		{D4EE41E5-0A9F-4132-AE10-76C7523372DE}.Debug|Any CPU.Build.0 = Debug|Any CPU
		{D4EE41E5-0A9F-4132-AE10-76C7523372DE}.Release|Any CPU.ActiveCfg = Release|Any CPU
		{D4EE41E5-0A9F-4132-AE10-76C7523372DE}.Release|Any CPU.Build.0 = Release|Any CPU
	EndGlobalSection
	GlobalSection(SolutionProperties) = preSolution
		HideSolutionNode = FALSE
	EndGlobalSection
	GlobalSection(ExtensibilityGlobals) = postSolution
		SolutionGuid = {F40D99EC-F384-4EF6-B520-464D2A1E2CBE}
	EndGlobalSection
EndGlobal
